{
  "name": "basic-batch",
  "version": "1.0.8",
  "lockfileVersion": 1,
  "requires": true,
  "dependencies": {
    "short-unique-id": {
      "version": "4.3.3",
      "resolved": "https://registry.npmjs.org/short-unique-id/-/short-unique-id-4.3.3.tgz",
      "integrity": "sha512-wwo4qogI5t3So4EfNB2VtlgKTVrgImFQiKZKUHCi9lFcwR7CT/uWGWNzsTMSnS1Ryuj1MWfjo5jswsJ4BheTIg=="
    }
  }
}
